// !$*UTF8*$!
{
	archiveVersion = 1;
	classes = {
	};
	objectVersion = 46;
	objects = {

/* Begin PBXBuildFile section */
		1289309E1A9C379F0087A700 /* main.m in Sources */ = {isa = PBXBuildFile; fileRef = 1289309D1A9C379F0087A700 /* main.m */; };
		128930A11A9C379F0087A700 /* AppDelegate.m in Sources */ = {isa = PBXBuildFile; fileRef = 128930A01A9C379F0087A700 /* AppDelegate.m */; };
		128930A41A9C379F0087A700 /* ViewController.m in Sources */ = {isa = PBXBuildFile; fileRef = 128930A31A9C379F0087A700 /* ViewController.m */; };
		128930A71A9C379F0087A700 /* Main.storyboard in Resources */ = {isa = PBXBuildFile; fileRef = 128930A51A9C379F0087A700 /* Main.storyboard */; };
		128930A91A9C379F0087A700 /* Images.xcassets in Resources */ = {isa = PBXBuildFile; fileRef = 128930A81A9C379F0087A700 /* Images.xcassets */; };
		128930AC1A9C379F0087A700 /* LaunchScreen.xib in Resources */ = {isa = PBXBuildFile; fileRef = 128930AA1A9C379F0087A700 /* LaunchScreen.xib */; };
		128930B81A9C379F0087A700 /* BaoyuTests.m in Sources */ = {isa = PBXBuildFile; fileRef = 128930B71A9C379F0087A700 /* BaoyuTests.m */; };
		128930C41AA489190087A700 /* Product.m in Sources */ = {isa = PBXBuildFile; fileRef = 128930C31AA489190087A700 /* Product.m */; };
		128930C71AA489DE0087A700 /* YYViewController.m in Sources */ = {isa = PBXBuildFile; fileRef = 128930C61AA489DE0087A700 /* YYViewController.m */; };
		128930CA1AA48A010087A700 /* CartViewController.m in Sources */ = {isa = PBXBuildFile; fileRef = 128930C91AA48A010087A700 /* CartViewController.m */; };
		128930CD1AA48A150087A700 /* MeViewController.m in Sources */ = {isa = PBXBuildFile; fileRef = 128930CC1AA48A150087A700 /* MeViewController.m */; };
		128930D01AA48A240087A700 /* AboutViewController.m in Sources */ = {isa = PBXBuildFile; fileRef = 128930CF1AA48A240087A700 /* AboutViewController.m */; };
		128930D31AA48A5A0087A700 /* ShowsViewController.m in Sources */ = {isa = PBXBuildFile; fileRef = 128930D21AA48A5A0087A700 /* ShowsViewController.m */; };
		128930D61AA494230087A700 /* SingleProductDetailViewController.m in Sources */ = {isa = PBXBuildFile; fileRef = 128930D51AA494230087A700 /* SingleProductDetailViewController.m */; };
		128930DB1AA4A8490087A700 /* product1.jpg in Resources */ = {isa = PBXBuildFile; fileRef = 128930D71AA4A8490087A700 /* product1.jpg */; };
		128930DC1AA4A8490087A700 /* product2.jpg in Resources */ = {isa = PBXBuildFile; fileRef = 128930D81AA4A8490087A700 /* product2.jpg */; };
		128930DD1AA4A8490087A700 /* product3.jpg in Resources */ = {isa = PBXBuildFile; fileRef = 128930D91AA4A8490087A700 /* product3.jpg */; };
		128930DE1AA4A8490087A700 /* product4.jpg in Resources */ = {isa = PBXBuildFile; fileRef = 128930DA1AA4A8490087A700 /* product4.jpg */; };
		128930E01AA4A9B40087A700 /* favory.png in Resources */ = {isa = PBXBuildFile; fileRef = 128930DF1AA4A9B40087A700 /* favory.png */; };
		128930E21AA4A9DE0087A700 /* like.png in Resources */ = {isa = PBXBuildFile; fileRef = 128930E11AA4A9DE0087A700 /* like.png */; };
/* End PBXBuildFile section */

/* Begin PBXContainerItemProxy section */
		128930B21A9C379F0087A700 /* PBXContainerItemProxy */ = {
			isa = PBXContainerItemProxy;
			containerPortal = 128930901A9C379F0087A700 /* Project object */;
			proxyType = 1;
			remoteGlobalIDString = 128930971A9C379F0087A700;
			remoteInfo = Baoyu;
		};
/* End PBXContainerItemProxy section */

/* Begin PBXFileReference section */
		128930981A9C379F0087A700 /* Baoyu.app */ = {isa = PBXFileReference; explicitFileType = wrapper.application; includeInIndex = 0; path = Baoyu.app; sourceTree = BUILT_PRODUCTS_DIR; };
		1289309C1A9C379F0087A700 /* Info.plist */ = {isa = PBXFileReference; lastKnownFileType = text.plist.xml; path = Info.plist; sourceTree = "<group>"; };
		1289309D1A9C379F0087A700 /* main.m */ = {isa = PBXFileReference; lastKnownFileType = sourcecode.c.objc; path = main.m; sourceTree = "<group>"; };
		1289309F1A9C379F0087A700 /* AppDelegate.h */ = {isa = PBXFileReference; lastKnownFileType = sourcecode.c.h; path = AppDelegate.h; sourceTree = "<group>"; };
		128930A01A9C379F0087A700 /* AppDelegate.m */ = {isa = PBXFileReference; lastKnownFileType = sourcecode.c.objc; path = AppDelegate.m; sourceTree = "<group>"; };
		128930A21A9C379F0087A700 /* ViewController.h */ = {isa = PBXFileReference; lastKnownFileType = sourcecode.c.h; path = ViewController.h; sourceTree = "<group>"; };
		128930A31A9C379F0087A700 /* ViewController.m */ = {isa = PBXFileReference; lastKnownFileType = sourcecode.c.objc; path = ViewController.m; sourceTree = "<group>"; };
		128930A61A9C379F0087A700 /* Base */ = {isa = PBXFileReference; lastKnownFileType = file.storyboard; name = Base; path = Base.lproj/Main.storyboard; sourceTree = "<group>"; };
		128930A81A9C379F0087A700 /* Images.xcassets */ = {isa = PBXFileReference; lastKnownFileType = folder.assetcatalog; path = Images.xcassets; sourceTree = "<group>"; };
		128930AB1A9C379F0087A700 /* Base */ = {isa = PBXFileReference; lastKnownFileType = file.xib; name = Base; path = Base.lproj/LaunchScreen.xib; sourceTree = "<group>"; };
		128930B11A9C379F0087A700 /* BaoyuTests.xctest */ = {isa = PBXFileReference; explicitFileType = wrapper.cfbundle; includeInIndex = 0; path = BaoyuTests.xctest; sourceTree = BUILT_PRODUCTS_DIR; };
		128930B61A9C379F0087A700 /* Info.plist */ = {isa = PBXFileReference; lastKnownFileType = text.plist.xml; path = Info.plist; sourceTree = "<group>"; };
		128930B71A9C379F0087A700 /* BaoyuTests.m */ = {isa = PBXFileReference; lastKnownFileType = sourcecode.c.objc; path = BaoyuTests.m; sourceTree = "<group>"; };
		128930C21AA489190087A700 /* Product.h */ = {isa = PBXFileReference; fileEncoding = 4; lastKnownFileType = sourcecode.c.h; path = Product.h; sourceTree = "<group>"; };
		128930C31AA489190087A700 /* Product.m */ = {isa = PBXFileReference; fileEncoding = 4; lastKnownFileType = sourcecode.c.objc; path = Product.m; sourceTree = "<group>"; };
		128930C51AA489DE0087A700 /* YYViewController.h */ = {isa = PBXFileReference; fileEncoding = 4; lastKnownFileType = sourcecode.c.h; path = YYViewController.h; sourceTree = "<group>"; };
		128930C61AA489DE0087A700 /* YYViewController.m */ = {isa = PBXFileReference; fileEncoding = 4; lastKnownFileType = sourcecode.c.objc; path = YYViewController.m; sourceTree = "<group>"; };
		128930C81AA48A010087A700 /* CartViewController.h */ = {isa = PBXFileReference; fileEncoding = 4; lastKnownFileType = sourcecode.c.h; path = CartViewController.h; sourceTree = "<group>"; };
		128930C91AA48A010087A700 /* CartViewController.m */ = {isa = PBXFileReference; fileEncoding = 4; lastKnownFileType = sourcecode.c.objc; path = CartViewController.m; sourceTree = "<group>"; };
		128930CB1AA48A150087A700 /* MeViewController.h */ = {isa = PBXFileReference; fileEncoding = 4; lastKnownFileType = sourcecode.c.h; path = MeViewController.h; sourceTree = "<group>"; };
		128930CC1AA48A150087A700 /* MeViewController.m */ = {isa = PBXFileReference; fileEncoding = 4; lastKnownFileType = sourcecode.c.objc; path = MeViewController.m; sourceTree = "<group>"; };
		128930CE1AA48A240087A700 /* AboutViewController.h */ = {isa = PBXFileReference; fileEncoding = 4; lastKnownFileType = sourcecode.c.h; path = AboutViewController.h; sourceTree = "<group>"; };
		128930CF1AA48A240087A700 /* AboutViewController.m */ = {isa = PBXFileReference; fileEncoding = 4; lastKnownFileType = sourcecode.c.objc; path = AboutViewController.m; sourceTree = "<group>"; };
		128930D11AA48A5A0087A700 /* ShowsViewController.h */ = {isa = PBXFileReference; fileEncoding = 4; lastKnownFileType = sourcecode.c.h; path = ShowsViewController.h; sourceTree = "<group>"; };
		128930D21AA48A5A0087A700 /* ShowsViewController.m */ = {isa = PBXFileReference; fileEncoding = 4; lastKnownFileType = sourcecode.c.objc; path = ShowsViewController.m; sourceTree = "<group>"; };
		128930D41AA494230087A700 /* SingleProductDetailViewController.h */ = {isa = PBXFileReference; fileEncoding = 4; lastKnownFileType = sourcecode.c.h; path = SingleProductDetailViewController.h; sourceTree = "<group>"; };
		128930D51AA494230087A700 /* SingleProductDetailViewController.m */ = {isa = PBXFileReference; fileEncoding = 4; lastKnownFileType = sourcecode.c.objc; path = SingleProductDetailViewController.m; sourceTree = "<group>"; };
		128930D71AA4A8490087A700 /* product1.jpg */ = {isa = PBXFileReference; lastKnownFileType = image.jpeg; path = product1.jpg; sourceTree = "<group>"; };
		128930D81AA4A8490087A700 /* product2.jpg */ = {isa = PBXFileReference; lastKnownFileType = image.jpeg; path = product2.jpg; sourceTree = "<group>"; };
		128930D91AA4A8490087A700 /* product3.jpg */ = {isa = PBXFileReference; lastKnownFileType = image.jpeg; path = product3.jpg; sourceTree = "<group>"; };
		128930DA1AA4A8490087A700 /* product4.jpg */ = {isa = PBXFileReference; lastKnownFileType = image.jpeg; path = product4.jpg; sourceTree = "<group>"; };
		128930DF1AA4A9B40087A700 /* favory.png */ = {isa = PBXFileReference; lastKnownFileType = image.png; path = favory.png; sourceTree = "<group>"; };
		128930E11AA4A9DE0087A700 /* like.png */ = {isa = PBXFileReference; lastKnownFileType = image.png; path = like.png; sourceTree = "<group>"; };
/* End PBXFileReference section */

/* Begin PBXFrameworksBuildPhase section */
		128930951A9C379F0087A700 /* Frameworks */ = {
			isa = PBXFrameworksBuildPhase;
			buildActionMask = 2147483647;
			files = (
			);
			runOnlyForDeploymentPostprocessing = 0;
		};
		128930AE1A9C379F0087A700 /* Frameworks */ = {
			isa = PBXFrameworksBuildPhase;
			buildActionMask = 2147483647;
			files = (
			);
			runOnlyForDeploymentPostprocessing = 0;
		};
/* End PBXFrameworksBuildPhase section */

/* Begin PBXGroup section */
		1289308F1A9C379F0087A700 = {
			isa = PBXGroup;
			children = (
				1289309A1A9C379F0087A700 /* Baoyu */,
				128930B41A9C379F0087A700 /* BaoyuTests */,
				128930991A9C379F0087A700 /* Products */,
			);
			sourceTree = "<group>";
		};
		128930991A9C379F0087A700 /* Products */ = {
			isa = PBXGroup;
			children = (
				128930981A9C379F0087A700 /* Baoyu.app */,
				128930B11A9C379F0087A700 /* BaoyuTests.xctest */,
			);
			name = Products;
			sourceTree = "<group>";
		};
		1289309A1A9C379F0087A700 /* Baoyu */ = {
			isa = PBXGroup;
			children = (
				128930C11AA488DE0087A700 /* Model */,
				1289309F1A9C379F0087A700 /* AppDelegate.h */,
				128930A01A9C379F0087A700 /* AppDelegate.m */,
				128930A21A9C379F0087A700 /* ViewController.h */,
				128930A31A9C379F0087A700 /* ViewController.m */,
				128930A51A9C379F0087A700 /* Main.storyboard */,
				128930A81A9C379F0087A700 /* Images.xcassets */,
				128930AA1A9C379F0087A700 /* LaunchScreen.xib */,
				1289309B1A9C379F0087A700 /* Supporting Files */,
				128930C51AA489DE0087A700 /* YYViewController.h */,
				128930C61AA489DE0087A700 /* YYViewController.m */,
				128930C81AA48A010087A700 /* CartViewController.h */,
				128930C91AA48A010087A700 /* CartViewController.m */,
				128930CB1AA48A150087A700 /* MeViewController.h */,
				128930CC1AA48A150087A700 /* MeViewController.m */,
				128930CE1AA48A240087A700 /* AboutViewController.h */,
				128930CF1AA48A240087A700 /* AboutViewController.m */,
				128930D11AA48A5A0087A700 /* ShowsViewController.h */,
				128930D21AA48A5A0087A700 /* ShowsViewController.m */,
				128930D41AA494230087A700 /* SingleProductDetailViewController.h */,
				128930D51AA494230087A700 /* SingleProductDetailViewController.m */,
			);
			path = Baoyu;
			sourceTree = "<group>";
		};
		1289309B1A9C379F0087A700 /* Supporting Files */ = {
			isa = PBXGroup;
			children = (
				128930E11AA4A9DE0087A700 /* like.png */,
				128930DF1AA4A9B40087A700 /* favory.png */,
				128930D71AA4A8490087A700 /* product1.jpg */,
				128930D81AA4A8490087A700 /* product2.jpg */,
				128930D91AA4A8490087A700 /* product3.jpg */,
				128930DA1AA4A8490087A700 /* product4.jpg */,
				1289309C1A9C379F0087A700 /* Info.plist */,
				1289309D1A9C379F0087A700 /* main.m */,
			);
			name = "Supporting Files";
			sourceTree = "<group>";
		};
		128930B41A9C379F0087A700 /* BaoyuTests */ = {
			isa = PBXGroup;
			children = (
				128930B71A9C379F0087A700 /* BaoyuTests.m */,
				128930B51A9C379F0087A700 /* Supporting Files */,
			);
			path = BaoyuTests;
			sourceTree = "<group>";
		};
		128930B51A9C379F0087A700 /* Supporting Files */ = {
			isa = PBXGroup;
			children = (
				128930B61A9C379F0087A700 /* Info.plist */,
			);
			name = "Supporting Files";
			sourceTree = "<group>";
		};
		128930C11AA488DE0087A700 /* Model */ = {
			isa = PBXGroup;
			children = (
				128930C21AA489190087A700 /* Product.h */,
				128930C31AA489190087A700 /* Product.m */,
			);
			name = Model;
			sourceTree = "<group>";
		};
/* End PBXGroup section */

/* Begin PBXNativeTarget section */
		128930971A9C379F0087A700 /* Baoyu */ = {
			isa = PBXNativeTarget;
			buildConfigurationList = 128930BB1A9C379F0087A700 /* Build configuration list for PBXNativeTarget "Baoyu" */;
			buildPhases = (
				128930941A9C379F0087A700 /* Sources */,
				128930951A9C379F0087A700 /* Frameworks */,
				128930961A9C379F0087A700 /* Resources */,
			);
			buildRules = (
			);
			dependencies = (
			);
			name = Baoyu;
			productName = Baoyu;
			productReference = 128930981A9C379F0087A700 /* Baoyu.app */;
			productType = "com.apple.product-type.application";
		};
		128930B01A9C379F0087A700 /* BaoyuTests */ = {
			isa = PBXNativeTarget;
			buildConfigurationList = 128930BE1A9C379F0087A700 /* Build configuration list for PBXNativeTarget "BaoyuTests" */;
			buildPhases = (
				128930AD1A9C379F0087A700 /* Sources */,
				128930AE1A9C379F0087A700 /* Frameworks */,
				128930AF1A9C379F0087A700 /* Resources */,
			);
			buildRules = (
			);
			dependencies = (
				128930B31A9C379F0087A700 /* PBXTargetDependency */,
			);
			name = BaoyuTests;
			productName = BaoyuTests;
			productReference = 128930B11A9C379F0087A700 /* BaoyuTests.xctest */;
			productType = "com.apple.product-type.bundle.unit-test";
		};
/* End PBXNativeTarget section */

/* Begin PBXProject section */
		128930901A9C379F0087A700 /* Project object */ = {
			isa = PBXProject;
			attributes = {
				LastUpgradeCheck = 0610;
				ORGANIZATIONNAME = "Kaven Feng";
				TargetAttributes = {
					128930971A9C379F0087A700 = {
						CreatedOnToolsVersion = 6.1;
					};
					128930B01A9C379F0087A700 = {
						CreatedOnToolsVersion = 6.1;
						TestTargetID = 128930971A9C379F0087A700;
					};
				};
			};
			buildConfigurationList = 128930931A9C379F0087A700 /* Build configuration list for PBXProject "Baoyu" */;
			compatibilityVersion = "Xcode 3.2";
			developmentRegion = English;
			hasScannedForEncodings = 0;
			knownRegions = (
				en,
				Base,
			);
			mainGroup = 1289308F1A9C379F0087A700;
			productRefGroup = 128930991A9C379F0087A700 /* Products */;
			projectDirPath = "";
			projectRoot = "";
			targets = (
				128930971A9C379F0087A700 /* Baoyu */,
				128930B01A9C379F0087A700 /* BaoyuTests */,
			);
		};
/* End PBXProject section */

/* Begin PBXResourcesBuildPhase section */
		128930961A9C379F0087A700 /* Resources */ = {
			isa = PBXResourcesBuildPhase;
			buildActionMask = 2147483647;
			files = (
				128930E01AA4A9B40087A700 /* favory.png in Resources */,
				128930A71A9C379F0087A700 /* Main.storyboard in Resources */,
				128930AC1A9C379F0087A700 /* LaunchScreen.xib in Resources */,
				128930A91A9C379F0087A700 /* Images.xcassets in Resources */,
				128930E21AA4A9DE0087A700 /* like.png in Resources */,
				128930DE1AA4A8490087A700 /* product4.jpg in Resources */,
				128930DB1AA4A8490087A700 /* product1.jpg in Resources */,
				128930DD1AA4A8490087A700 /* product3.jpg in Resources */,
				128930DC1AA4A8490087A700 /* product2.jpg in Resources */,
			);
			runOnlyForDeploymentPostprocessing = 0;
		};
		128930AF1A9C379F0087A700 /* Resources */ = {
			isa = PBXResourcesBuildPhase;
			buildActionMask = 2147483647;
			files = (
			);
			runOnlyForDeploymentPostprocessing = 0;
		};
/* End PBXResourcesBuildPhase section */

/* Begin PBXSourcesBuildPhase section */
		128930941A9C379F0087A700 /* Sources */ = {
			isa = PBXSourcesBuildPhase;
			buildActionMask = 2147483647;
			files = (
				128930C71AA489DE0087A700 /* YYViewController.m in Sources */,
				128930A41A9C379F0087A700 /* ViewController.m in Sources */,
				128930D01AA48A240087A700 /* AboutViewController.m in Sources */,
				128930CD1AA48A150087A700 /* MeViewController.m in Sources */,
				128930D31AA48A5A0087A700 /* ShowsViewController.m in Sources */,
				128930C41AA489190087A700 /* Product.m in Sources */,
				128930A11A9C379F0087A700 /* AppDelegate.m in Sources */,
				128930D61AA494230087A700 /* SingleProductDetailViewController.m in Sources */,
				128930CA1AA48A010087A700 /* CartViewController.m in Sources */,
				1289309E1A9C379F0087A700 /* main.m in Sources */,
			);
			runOnlyForDeploymentPostprocessing = 0;
		};
		128930AD1A9C379F0087A700 /* Sources */ = {
			isa = PBXSourcesBuildPhase;
			buildActionMask = 2147483647;
			files = (
				128930B81A9C379F0087A700 /* BaoyuTests.m in Sources */,
			);
			runOnlyForDeploymentPostprocessing = 0;
		};
/* End PBXSourcesBuildPhase section */

/* Begin PBXTargetDependency section */
		128930B31A9C379F0087A700 /* PBXTargetDependency */ = {
			isa = PBXTargetDependency;
			target = 128930971A9C379F0087A700 /* Baoyu */;
			targetProxy = 128930B21A9C379F0087A700 /* PBXContainerItemProxy */;
		};
/* End PBXTargetDependency section */

/* Begin PBXVariantGroup section */
		128930A51A9C379F0087A700 /* Main.storyboard */ = {
			isa = PBXVariantGroup;
			children = (
				128930A61A9C379F0087A700 /* Base */,
			);
			name = Main.storyboard;
			sourceTree = "<group>";
		};
		128930AA1A9C379F0087A700 /* LaunchScreen.xib */ = {
			isa = PBXVariantGroup;
			children = (
				128930AB1A9C379F0087A700 /* Base */,
			);
			name = LaunchScreen.xib;
			sourceTree = "<group>";
		};
/* End PBXVariantGroup section */

/* Begin XCBuildConfiguration section */
		128930B91A9C379F0087A700 /* Debug */ = {
			isa = XCBuildConfiguration;
			buildSettings = {
				ALWAYS_SEARCH_USER_PATHS = NO;
				CLANG_CXX_LANGUAGE_STANDARD = "gnu++0x";
				CLANG_CXX_LIBRARY = "libc++";
				CLANG_ENABLE_MODULES = YES;
				CLANG_ENABLE_OBJC_ARC = YES;
				CLANG_WARN_BOOL_CONVERSION = YES;
				CLANG_WARN_CONSTANT_CONVERSION = YES;
				CLANG_WARN_DIRECT_OBJC_ISA_USAGE = YES_ERROR;
				CLANG_WARN_EMPTY_BODY = YES;
				CLANG_WARN_ENUM_CONVERSION = YES;
				CLANG_WARN_INT_CONVERSION = YES;
				CLANG_WARN_OBJC_ROOT_CLASS = YES_ERROR;
				CLANG_WARN_UNREACHABLE_CODE = YES;
				CLANG_WARN__DUPLICATE_METHOD_MATCH = YES;
				"CODE_SIGN_IDENTITY[sdk=iphoneos*]" = "iPhone Developer";
				COPY_PHASE_STRIP = NO;
				ENABLE_STRICT_OBJC_MSGSEND = YES;
				GCC_C_LANGUAGE_STANDARD = gnu99;
				GCC_DYNAMIC_NO_PIC = NO;
				GCC_OPTIMIZATION_LEVEL = 0;
				GCC_PREPROCESSOR_DEFINITIONS = (
					"DEBUG=1",
					"$(inherited)",
				);
				GCC_SYMBOLS_PRIVATE_EXTERN = NO;
				GCC_WARN_64_TO_32_BIT_CONVERSION = YES;
				GCC_WARN_ABOUT_RETURN_TYPE = YES_ERROR;
				GCC_WARN_UNDECLARED_SELECTOR = YES;
				GCC_WARN_UNINITIALIZED_AUTOS = YES_AGGRESSIVE;
				GCC_WARN_UNUSED_FUNCTION = YES;
				GCC_WARN_UNUSED_VARIABLE = YES;
				IPHONEOS_DEPLOYMENT_TARGET = 8.1;
				MTL_ENABLE_DEBUG_INFO = YES;
				ONLY_ACTIVE_ARCH = YES;
				SDKROOT = iphoneos;
				TARGETED_DEVICE_FAMILY = "1,2";
			};
			name = Debug;
		};
		128930BA1A9C379F0087A700 /* Release */ = {
			isa = XCBuildConfiguration;
			buildSettings = {
				ALWAYS_SEARCH_USER_PATHS = NO;
				CLANG_CXX_LANGUAGE_STANDARD = "gnu++0x";
				CLANG_CXX_LIBRARY = "libc++";
				CLANG_ENABLE_MODULES = YES;
				CLANG_ENABLE_OBJC_ARC = YES;
				CLANG_WARN_BOOL_CONVERSION = YES;
				CLANG_WARN_CONSTANT_CONVERSION = YES;
				CLANG_WARN_DIRECT_OBJC_ISA_USAGE = YES_ERROR;
				CLANG_WARN_EMPTY_BODY = YES;
				CLANG_WARN_ENUM_CONVERSION = YES;
				CLANG_WARN_INT_CONVERSION = YES;
				CLANG_WARN_OBJC_ROOT_CLASS = YES_ERROR;
				CLANG_WARN_UNREACHABLE_CODE = YES;
				CLANG_WARN__DUPLICATE_METHOD_MATCH = YES;
				"CODE_SIGN_IDENTITY[sdk=iphoneos*]" = "iPhone Developer";
				COPY_PHASE_STRIP = YES;
				ENABLE_NS_ASSERTIONS = NO;
				ENABLE_STRICT_OBJC_MSGSEND = YES;
				GCC_C_LANGUAGE_STANDARD = gnu99;
				GCC_WARN_64_TO_32_BIT_CONVERSION = YES;
				GCC_WARN_ABOUT_RETURN_TYPE = YES_ERROR;
				GCC_WARN_UNDECLARED_SELECTOR = YES;
				GCC_WARN_UNINITIALIZED_AUTOS = YES_AGGRESSIVE;
				GCC_WARN_UNUSED_FUNCTION = YES;
				GCC_WARN_UNUSED_VARIABLE = YES;
				IPHONEOS_DEPLOYMENT_TARGET = 8.1;
				MTL_ENABLE_DEBUG_INFO = NO;
				SDKROOT = iphoneos;
				TARGETED_DEVICE_FAMILY = "1,2";
				VALIDATE_PRODUCT = YES;
			};
			name = Release;
		};
		128930BC1A9C379F0087A700 /* Debug */ = {
			isa = XCBuildConfiguration;
			buildSettings = {
				ASSETCATALOG_COMPILER_APPICON_NAME = AppIcon;
				INFOPLIST_FILE = Baoyu/Info.plist;
				LD_RUNPATH_SEARCH_PATHS = "$(inherited) @executable_path/Frameworks";
				PRODUCT_NAME = "$(TARGET_NAME)";
			};
			name = Debug;
		};
		128930BD1A9C379F0087A700 /* Release */ = {
			isa = XCBuildConfiguration;
			buildSettings = {
				ASSETCATALOG_COMPILER_APPICON_NAME = AppIcon;
				INFOPLIST_FILE = Baoyu/Info.plist;
				LD_RUNPATH_SEARCH_PATHS = "$(inherited) @executable_path/Frameworks";
				PRODUCT_NAME = "$(TARGET_NAME)";
			};
			name = Release;
		};
		128930BF1A9C379F0087A700 /* Debug */ = {
			isa = XCBuildConfiguration;
			buildSettings = {
				BUNDLE_LOADER = "$(TEST_HOST)";
				FRAMEWORK_SEARCH_PATHS = (
					"$(SDKROOT)/Developer/Library/Frameworks",
					"$(inherited)",
				);
				GCC_PREPROCESSOR_DEFINITIONS = (
					"DEBUG=1",
					"$(inherited)",
				);
				INFOPLIST_FILE = BaoyuTests/Info.plist;
				LD_RUNPATH_SEARCH_PATHS = "$(inherited) @executable_path/Frameworks @loader_path/Frameworks";
				PRODUCT_NAME = "$(TARGET_NAME)";
				TEST_HOST = "$(BUILT_PRODUCTS_DIR)/Baoyu.app/Baoyu";
			};
			name = Debug;
		};
		128930C01A9C379F0087A700 /* Release */ = {
			isa = XCBuildConfiguration;
			buildSettings = {
				BUNDLE_LOADER = "$(TEST_HOST)";
				FRAMEWORK_SEARCH_PATHS = (
					"$(SDKROOT)/Developer/Library/Frameworks",
					"$(inherited)",
				);
				INFOPLIST_FILE = BaoyuTests/Info.plist;
				LD_RUNPATH_SEARCH_PATHS = "$(inherited) @executable_path/Frameworks @loader_path/Frameworks";
				PRODUCT_NAME = "$(TARGET_NAME)";
				TEST_HOST = "$(BUILT_PRODUCTS_DIR)/Baoyu.app/Baoyu";
			};
			name = Release;
		};
/* End XCBuildConfiguration section */

/* Begin XCConfigurationList section */
		128930931A9C379F0087A700 /* Build configuration list for PBXProject "Baoyu" */ = {
			isa = XCConfigurationList;
			buildConfigurations = (
				128930B91A9C379F0087A700 /* Debug */,
				128930BA1A9C379F0087A700 /* Release */,
			);
			defaultConfigurationIsVisible = 0;
			defaultConfigurationName = Release;
		};
		128930BB1A9C379F0087A700 /* Build configuration list for PBXNativeTarget "Baoyu" */ = {
			isa = XCConfigurationList;
			buildConfigurations = (
				128930BC1A9C379F0087A700 /* Debug */,
				128930BD1A9C379F0087A700 /* Release */,
			);
			defaultConfigurationIsVisible = 0;
			defaultConfigurationName = Release;
		};
		128930BE1A9C379F0087A700 /* Build configuration list for PBXNativeTarget "BaoyuTests" */ = {
			isa = XCConfigurationList;
			buildConfigurations = (
				128930BF1A9C379F0087A700 /* Debug */,
				128930C01A9C379F0087A700 /* Release */,
			);
			defaultConfigurationIsVisible = 0;
			defaultConfigurationName = Release;
		};
/* End XCConfigurationList section */
	};
	rootObject = 128930901A9C379F0087A700 /* Project object */;
}
